
Microsoft Visual Studio Solution File, Format Version 12.00
# Visual Studio 15
VisualStudioVersion = 15.0.26730.12
MinimumVisualStudioVersion = 10.0.40219.1
Project("{FAE04EC0-301F-11D3-BF4B-00C04F79EFBC}") = "GetThatPic.WPF", "GetThatPic.WPF\GetThatPic.WPF.csproj", "{0246AAEF-3D03-4A43-A241-02597A7C0036}"
EndProject
Project("{2150E333-8FDC-42A3-9474-1A3956D46DE8}") = "Data", "Data", "{344DF824-E9B1-4A8A-A060-1E5AAB555538}"
EndProject
Project("{9A19103F-16F7-4668-BE54-9A1E7A4F7556}") = "GetThatPic.Data.Structure", "GetThatPic.Data.Structure\GetThatPic.Data.Structure.csproj", "{7EF71512-EC77-4C82-83F2-76BD6CA22846}"
EndProject
Project("{9A19103F-16F7-4668-BE54-9A1E7A4F7556}") = "GetThatPic.Data.Configuration", "GetThatPic.Data.Configuration\GetThatPic.Data.Configuration.csproj", "{E81A777E-C1C5-449F-831D-5C3F29019DD3}"
EndProject
Project("{9A19103F-16F7-4668-BE54-9A1E7A4F7556}") = "GetThatPic.Parsing", "GetThatPic.Parsing\GetThatPic.Parsing.csproj", "{283331B6-2000-4888-B73B-2C7B6508E43A}"
EndProject
Project("{2150E333-8FDC-42A3-9474-1A3956D46DE8}") = "Test", "Test", "{5E18C8FF-61C6-4E01-8EB7-88209278EBA7}"
EndProject
Project("{9A19103F-16F7-4668-BE54-9A1E7A4F7556}") = "GetThatPic.Data.IO", "GetThatPic.Data.IO\GetThatPic.Data.IO.csproj", "{A223D844-643A-4927-97CF-34EB793D90D7}"
EndProject
Project("{2150E333-8FDC-42A3-9474-1A3956D46DE8}") = "Data", "Data", "{1CF6F362-640D-452E-99E3-BDDD8A303099}"
EndProject
Project("{9A19103F-16F7-4668-BE54-9A1E7A4F7556}") = "GetThatPic.Test.Parsing", "GetThatPic.Test.Parsing\GetThatPic.Test.Parsing.csproj", "{BE5FBE62-1FBA-45EE-919E-3A0F1F528EAC}"
EndProject
Project("{9A19103F-16F7-4668-BE54-9A1E7A4F7556}") = "GetThatPic.Test.Data.IO", "GetThatPic.Test.Data.IO\GetThatPic.Test.Data.IO.csproj", "{ED18D8ED-A053-45F2-BF5D-AF2D5A3BCAA1}"
EndProject
Project("{9A19103F-16F7-4668-BE54-9A1E7A4F7556}") = "GetThatPic.Test.Data.Configuration", "GetThatPic.Test.Data.Configuration\GetThatPic.Test.Data.Configuration.csproj", "{F448F907-8F89-4453-B55A-CEA700AE6C02}"
EndProject
Project("{9A19103F-16F7-4668-BE54-9A1E7A4F7556}") = "GetThatPic.Test.Data.Structure", "GetThatPic.Test.Data.Structure\GetThatPic.Test.Data.Structure.csproj", "{2B903108-23CF-4BD3-8039-CB0B08EDA283}"
EndProject
Global
	GlobalSection(SolutionConfigurationPlatforms) = preSolution
		Debug|Any CPU = Debug|Any CPU
		Release|Any CPU = Release|Any CPU
	EndGlobalSection
	GlobalSection(ProjectConfigurationPlatforms) = postSolution
		{0246AAEF-3D03-4A43-A241-02597A7C0036}.Debug|Any CPU.ActiveCfg = Debug|Any CPU
		{0246AAEF-3D03-4A43-A241-02597A7C0036}.Debug|Any CPU.Build.0 = Debug|Any CPU
		{0246AAEF-3D03-4A43-A241-02597A7C0036}.Release|Any CPU.ActiveCfg = Release|Any CPU
		{0246AAEF-3D03-4A43-A241-02597A7C0036}.Release|Any CPU.Build.0 = Release|Any CPU
		{7EF71512-EC77-4C82-83F2-76BD6CA22846}.Debug|Any CPU.ActiveCfg = Debug|Any CPU
		{7EF71512-EC77-4C82-83F2-76BD6CA22846}.Debug|Any CPU.Build.0 = Debug|Any CPU
		{7EF71512-EC77-4C82-83F2-76BD6CA22846}.Release|Any CPU.ActiveCfg = Release|Any CPU
		{7EF71512-EC77-4C82-83F2-76BD6CA22846}.Release|Any CPU.Build.0 = Release|Any CPU
		{E81A777E-C1C5-449F-831D-5C3F29019DD3}.Debug|Any CPU.ActiveCfg = Debug|Any CPU
		{E81A777E-C1C5-449F-831D-5C3F29019DD3}.Debug|Any CPU.Build.0 = Debug|Any CPU
		{E81A777E-C1C5-449F-831D-5C3F29019DD3}.Release|Any CPU.ActiveCfg = Release|Any CPU
		{E81A777E-C1C5-449F-831D-5C3F29019DD3}.Release|Any CPU.Build.0 = Release|Any CPU
		{283331B6-2000-4888-B73B-2C7B6508E43A}.Debug|Any CPU.ActiveCfg = Debug|Any CPU
		{283331B6-2000-4888-B73B-2C7B6508E43A}.Debug|Any CPU.Build.0 = Debug|Any CPU
		{283331B6-2000-4888-B73B-2C7B6508E43A}.Release|Any CPU.ActiveCfg = Release|Any CPU
		{283331B6-2000-4888-B73B-2C7B6508E43A}.Release|Any CPU.Build.0 = Release|Any CPU
		{A223D844-643A-4927-97CF-34EB793D90D7}.Debug|Any CPU.ActiveCfg = Debug|Any CPU
		{A223D844-643A-4927-97CF-34EB793D90D7}.Debug|Any CPU.Build.0 = Debug|Any CPU
		{A223D844-643A-4927-97CF-34EB793D90D7}.Release|Any CPU.ActiveCfg = Release|Any CPU
		{A223D844-643A-4927-97CF-34EB793D90D7}.Release|Any CPU.Build.0 = Release|Any CPU
		{BE5FBE62-1FBA-45EE-919E-3A0F1F528EAC}.Debug|Any CPU.ActiveCfg = Debug|Any CPU
		{BE5FBE62-1FBA-45EE-919E-3A0F1F528EAC}.Debug|Any CPU.Build.0 = Debug|Any CPU
		{BE5FBE62-1FBA-45EE-919E-3A0F1F528EAC}.Release|Any CPU.ActiveCfg = Release|Any CPU
		{BE5FBE62-1FBA-45EE-919E-3A0F1F528EAC}.Release|Any CPU.Build.0 = Release|Any CPU
		{ED18D8ED-A053-45F2-BF5D-AF2D5A3BCAA1}.Debug|Any CPU.ActiveCfg = Debug|Any CPU
		{ED18D8ED-A053-45F2-BF5D-AF2D5A3BCAA1}.Debug|Any CPU.Build.0 = Debug|Any CPU
		{ED18D8ED-A053-45F2-BF5D-AF2D5A3BCAA1}.Release|Any CPU.ActiveCfg = Release|Any CPU
		{ED18D8ED-A053-45F2-BF5D-AF2D5A3BCAA1}.Release|Any CPU.Build.0 = Release|Any CPU
		{F448F907-8F89-4453-B55A-CEA700AE6C02}.Debug|Any CPU.ActiveCfg = Debug|Any CPU
		{F448F907-8F89-4453-B55A-CEA700AE6C02}.Debug|Any CPU.Build.0 = Debug|Any CPU
		{F448F907-8F89-4453-B55A-CEA700AE6C02}.Release|Any CPU.ActiveCfg = Release|Any CPU
		{F448F907-8F89-4453-B55A-CEA700AE6C02}.Release|Any CPU.Build.0 = Release|Any CPU
		{2B903108-23CF-4BD3-8039-CB0B08EDA283}.Debug|Any CPU.ActiveCfg = Debug|Any CPU
		{2B903108-23CF-4BD3-8039-CB0B08EDA283}.Debug|Any CPU.Build.0 = Debug|Any CPU
		{2B903108-23CF-4BD3-8039-CB0B08EDA283}.Release|Any CPU.ActiveCfg = Release|Any CPU
		{2B903108-23CF-4BD3-8039-CB0B08EDA283}.Release|Any CPU.Build.0 = Release|Any CPU
	EndGlobalSection
	GlobalSection(SolutionProperties) = preSolution
		HideSolutionNode = FALSE
	EndGlobalSection
	GlobalSection(NestedProjects) = preSolution
		{7EF71512-EC77-4C82-83F2-76BD6CA22846} = {344DF824-E9B1-4A8A-A060-1E5AAB555538}
		{E81A777E-C1C5-449F-831D-5C3F29019DD3} = {344DF824-E9B1-4A8A-A060-1E5AAB555538}
		{A223D844-643A-4927-97CF-34EB793D90D7} = {344DF824-E9B1-4A8A-A060-1E5AAB555538}
		{1CF6F362-640D-452E-99E3-BDDD8A303099} = {5E18C8FF-61C6-4E01-8EB7-88209278EBA7}
		{BE5FBE62-1FBA-45EE-919E-3A0F1F528EAC} = {5E18C8FF-61C6-4E01-8EB7-88209278EBA7}
		{ED18D8ED-A053-45F2-BF5D-AF2D5A3BCAA1} = {1CF6F362-640D-452E-99E3-BDDD8A303099}
		{F448F907-8F89-4453-B55A-CEA700AE6C02} = {1CF6F362-640D-452E-99E3-BDDD8A303099}
		{2B903108-23CF-4BD3-8039-CB0B08EDA283} = {1CF6F362-640D-452E-99E3-BDDD8A303099}
	EndGlobalSection
	GlobalSection(ExtensibilityGlobals) = postSolution
		SolutionGuid = {30B6C25A-BE71-4960-B282-4726C81EA45E}
	EndGlobalSection
EndGlobal
